
Microsoft Visual Studio Solution File, Format Version 12.00
# Visual Studio Version 16
VisualStudioVersion = 16.0.30503.244
MinimumVisualStudioVersion = 10.0.40219.1
Project("{FAE04EC0-301F-11D3-BF4B-00C04F79EFBC}") = "pr1_2_Воронков", "pr1_2_Воронков\pr1_2_Воронков.csproj", "{076262E7-74F5-4613-B5AD-FB7533432FD0}"
EndProject
Global
	GlobalSection(SolutionConfigurationPlatforms) = preSolution
		Debug|Any CPU = Debug|Any CPU
		Release|Any CPU = Release|Any CPU
	EndGlobalSection
	GlobalSection(ProjectConfigurationPlatforms) = postSolution
		{076262E7-74F5-4613-B5AD-FB7533432FD0}.Debug|Any CPU.ActiveCfg = Debug|Any CPU
		{076262E7-74F5-4613-B5AD-FB7533432FD0}.Debug|Any CPU.Build.0 = Debug|Any CPU
		{076262E7-74F5-4613-B5AD-FB7533432FD0}.Release|Any CPU.ActiveCfg = Release|Any CPU
		{076262E7-74F5-4613-B5AD-FB7533432FD0}.Release|Any CPU.Build.0 = Release|Any CPU
	EndGlobalSection
	GlobalSection(SolutionProperties) = preSolution
		HideSolutionNode = FALSE
	EndGlobalSection
	GlobalSection(ExtensibilityGlobals) = postSolution
		SolutionGuid = {4058C0B4-C4C4-4631-8A05-09D38CB4EF4F}
	EndGlobalSection
EndGlobal
